
Microsoft Visual Studio Solution File, Format Version 12.00
# Visual Studio Version 16
VisualStudioVersion = 16.0.30611.23
MinimumVisualStudioVersion = 10.0.40219.1
Project("{9A19103F-16F7-4668-BE54-9A1E7A4F7556}") = "School", "School.csproj", "{C56C180E-C2AC-47C6-B1AD-45F718BCA313}"
EndProject
Project("{9A19103F-16F7-4668-BE54-9A1E7A4F7556}") = "ScoolDAL", "..\ScoolDAL\ScoolDAL.csproj", "{D1C93E38-E68C-48D9-A363-71316697208B}"
EndProject
Global
	GlobalSection(SolutionConfigurationPlatforms) = preSolution
		Debug|Any CPU = Debug|Any CPU
		Release|Any CPU = Release|Any CPU
	EndGlobalSection
	GlobalSection(ProjectConfigurationPlatforms) = postSolution
		{C56C180E-C2AC-47C6-B1AD-45F718BCA313}.Debug|Any CPU.ActiveCfg = Debug|Any CPU
		{C56C180E-C2AC-47C6-B1AD-45F718BCA313}.Debug|Any CPU.Build.0 = Debug|Any CPU
		{C56C180E-C2AC-47C6-B1AD-45F718BCA313}.Release|Any CPU.ActiveCfg = Release|Any CPU
		{C56C180E-C2AC-47C6-B1AD-45F718BCA313}.Release|Any CPU.Build.0 = Release|Any CPU
		{D1C93E38-E68C-48D9-A363-71316697208B}.Debug|Any CPU.ActiveCfg = Debug|Any CPU
		{D1C93E38-E68C-48D9-A363-71316697208B}.Debug|Any CPU.Build.0 = Debug|Any CPU
		{D1C93E38-E68C-48D9-A363-71316697208B}.Release|Any CPU.ActiveCfg = Release|Any CPU
		{D1C93E38-E68C-48D9-A363-71316697208B}.Release|Any CPU.Build.0 = Release|Any CPU
	EndGlobalSection
	GlobalSection(SolutionProperties) = preSolution
		HideSolutionNode = FALSE
	EndGlobalSection
	GlobalSection(ExtensibilityGlobals) = postSolution
		SolutionGuid = {D5C26DD1-C468-4333-9099-21DD0BFCC595}
	EndGlobalSection
EndGlobal
